# THIS IS AN AUTOGENERATED FILE. DO NOT EDIT THIS FILE DIRECTLY.
# yarn lockfile v1


coffeescript@1.10.x:
  version "1.10.0"
  resolved "https://registry.yarnpkg.com/coffeescript/-/coffeescript-1.10.0.tgz#e7aa8301917ef621b35d8a39f348dcdd1db7e33e"

commander@2.8.x:
  version "2.8.1"
  resolved "http://registry.npmjs.org/commander/-/commander-2.8.1.tgz#06be367febfda0c330aa1e2a072d3dc9762425d4"
  dependencies:
    graceful-readlink ">= 1.0.0"

doctest@^0.15.0:
  version "0.15.0"
  resolved "https://registry.yarnpkg.com/doctest/-/doctest-0.15.0.tgz#46d1e1110c778fc0d5d1a878b8b086dccbc3823c"
  dependencies:
    coffeescript "1.10.x"
    commander "2.8.x"
    esprima "4.0.x"
    sanctuary-show "1.0.x"
    sanctuary-type-classes "9.0.x"

esprima@4.0.x:
  version "4.0.1"
  resolved "https://registry.yarnpkg.com/esprima/-/esprima-4.0.1.tgz#13b04cdb3e6c5d19df91ab6987a8695619b0aa71"

"graceful-readlink@>= 1.0.0":
  version "1.0.1"
  resolved "https://registry.yarnpkg.com/graceful-readlink/-/graceful-readlink-1.0.1.tgz#4cafad76bc62f02fa039b2f94e9a3dd3a391a725"

sanctuary-show@1.0.x:
  version "1.0.0"
  resolved "https://registry.yarnpkg.com/sanctuary-show/-/sanctuary-show-1.0.0.tgz#72deb4812f9decec850e03286807dca1c97a1d61"

sanctuary-type-classes@9.0.x:
  version "9.0.0"
  resolved "https://registry.yarnpkg.com/sanctuary-type-classes/-/sanctuary-type-classes-9.0.0.tgz#b44741ca67fa650cbd314e1ad318d730ce1309a4"
  dependencies:
    sanctuary-type-identifiers "1.0.x"

sanctuary-type-identifiers@1.0.x:
  version "1.0.0"
  resolved "https://registry.yarnpkg.com/sanctuary-type-identifiers/-/sanctuary-type-identifiers-1.0.0.tgz#e8f359f006cb5e624cfb8464603fc114608bde9f"
